
Microsoft Visual Studio Solution File, Format Version 12.00
# Visual Studio Version 16
VisualStudioVersion = 16.0.29025.244
MinimumVisualStudioVersion = 10.0.40219.1
Project("{FAE04EC0-301F-11D3-BF4B-00C04F79EFBC}") = "SkinCol", "SkinCol.csproj", "{436FEB76-AFBD-4B9D-A616-497BF7CB6AC6}"
EndProject
Global
	GlobalSection(SolutionConfigurationPlatforms) = preSolution
		Debug|Any CPU = Debug|Any CPU
		Release|Any CPU = Release|Any CPU
	EndGlobalSection
	GlobalSection(ProjectConfigurationPlatforms) = postSolution
		{436FEB76-AFBD-4B9D-A616-497BF7CB6AC6}.Debug|Any CPU.ActiveCfg = Debug|Any CPU
		{436FEB76-AFBD-4B9D-A616-497BF7CB6AC6}.Debug|Any CPU.Build.0 = Debug|Any CPU
		{436FEB76-AFBD-4B9D-A616-497BF7CB6AC6}.Release|Any CPU.ActiveCfg = Release|Any CPU
		{436FEB76-AFBD-4B9D-A616-497BF7CB6AC6}.Release|Any CPU.Build.0 = Release|Any CPU
	EndGlobalSection
	GlobalSection(SolutionProperties) = preSolution
		HideSolutionNode = FALSE
	EndGlobalSection
	GlobalSection(ExtensibilityGlobals) = postSolution
		SolutionGuid = {251161AF-FFEA-4ADA-B424-99BA70827CBE}
	EndGlobalSection
EndGlobal
